{
  "object": {
    "pins": [
      {
        "package": "CLInterface",
        "repositoryURL": "https://github.com/nikstar/CLInterface.git",
        "state": {
          "branch": null,
          "revision": "eaa70221f5a42f43fccf1ce05eab5492a4938d4c",
          "version": "1.0.3"
        }
      },
      {
        "package": "Files",
        "repositoryURL": "https://github.com/johnsundell/files.git",
        "state": {
          "branch": null,
          "revision": "a84615f4558151fab52ac38df697ce2442991f93",
          "version": "2.3.0"
        }
      },
      {
        "package": "Proc",
        "repositoryURL": "https://github.com/nikstar/Proc.git",
        "state": {
          "branch": "master",
          "revision": "1e4370ec9d5a3312f9c05f44f1b3c6757e3ca339",
          "version": null
        }
      },
      {
        "package": "SPMArgumentParser",
        "repositoryURL": "https://github.com/nikstar/spm-argument-parser.git",
        "state": {
          "branch": null,
          "revision": "e3c4895261730adf46ab012af05a3729871a15a1",
          "version": "0.5.0"
        }
      }
    ]
  },
  "version": 1
}
