{
  "object": {
    "pins": [
      {
        "package": "CLInterface",
        "repositoryURL": "https://github.com/nikstar/CLInterface.git",
        "state": {
          "branch": "master",
          "revision": "e2b4085574127a578c841d69ec78400818796aa7",
          "version": null
        }
      },
      {
        "package": "Files",
        "repositoryURL": "https://github.com/johnsundell/files.git",
        "state": {
          "branch": null,
          "revision": "a84615f4558151fab52ac38df697ce2442991f93",
          "version": "2.3.0"
        }
      },
      {
        "package": "Proc",
        "repositoryURL": "https://github.com/nikstar/Proc.git",
        "state": {
          "branch": "master",
          "revision": "1e4370ec9d5a3312f9c05f44f1b3c6757e3ca339",
          "version": null
        }
      },
      {
        "package": "llbuild",
        "repositoryURL": "https://github.com/apple/swift-llbuild.git",
        "state": {
          "branch": "master",
          "revision": "7fe78e2af79a753cd5133ba792d4167bfeff34c1",
          "version": null
        }
      },
      {
        "package": "SwiftPM",
        "repositoryURL": "https://github.com/apple/swift-package-manager.git",
        "state": {
          "branch": "master",
          "revision": "d998101511d5c266206dd3bef3ea24f31144c6b5",
          "version": null
        }
      }
    ]
  },
  "version": 1
}
