{
  "object": {
    "pins": [
      {
        "package": "CLInterface",
        "repositoryURL": "https://github.com/nikstar/CLInterface.git",
        "state": {
          "branch": "master",
          "revision": "7a09937ebdc90b61d5afa093cc6c4ed97c653627",
          "version": null
        }
      },
      {
        "package": "Files",
        "repositoryURL": "https://github.com/johnsundell/files.git",
        "state": {
          "branch": null,
          "revision": "a84615f4558151fab52ac38df697ce2442991f93",
          "version": "2.3.0"
        }
      },
      {
        "package": "llbuild",
        "repositoryURL": "https://github.com/apple/swift-llbuild.git",
        "state": {
          "branch": "master",
          "revision": "7fe78e2af79a753cd5133ba792d4167bfeff34c1",
          "version": null
        }
      },
      {
        "package": "SwiftPM",
        "repositoryURL": "https://github.com/apple/swift-package-manager.git",
        "state": {
          "branch": "master",
          "revision": "7ab2275f447a5eb37497ed63a9340f8a6d1e488b",
          "version": null
        }
      }
    ]
  },
  "version": 1
}
